{
  "version": 4,
  "terraform_version": "1.7.4",
  "serial": 4,
  "lineage": "3b14eb50-e403-5231-d1d8-2e022da2986d",
  "outputs": {},
  "resources": [
    {
      "mode": "managed",
      "type": "local_file",
      "name": "index_file",
      "provider": "provider[\"registry.terraform.io/hashicorp/local\"]",
      "instances": [
        {
          "schema_version": 0,
          "attributes": {
            "content": "new project!",
            "content_base64": null,
            "content_base64sha256": "ZWg2mSJqrIjZBci+sQ6088saigobN5tLk4E4nKUMVQA=",
            "content_base64sha512": "9TWoxQ68sRooL4hwNC27aCujn4f5jXQ7kcFWtnV17uOhpmfqAHJ/g49cKGkCafa1lLym1z2xG5rpV15Wc2SJFA==",
            "content_md5": "ae4031b247769edf4ca11f7a622ed3b9",
            "content_sha1": "c76ffe2640e233c500ef042385f63c609f010c52",
            "content_sha256": "65683699226aac88d905c8beb10eb4f3cb1a8a0a1b379b4b9381389ca50c5500",
            "content_sha512": "f535a8c50ebcb11a282f8870342dbb682ba39f87f98d743b91c156b67575eee3a1a667ea00727f838f5c28690269f6b594bca6d73db11b9ae9575e5673648914",
            "directory_permission": "0777",
            "file_permission": "0777",
            "filename": "index.html",
            "id": "c76ffe2640e233c500ef042385f63c609f010c52",
            "sensitive_content": null,
            "source": null
          },
          "sensitive_attributes": []
        }
      ]
    }
  ],
  "check_results": null
}
